// !$*UTF8*$!
{
	archiveVersion = 1;
	classes = {
	};
	objectVersion = 46;
	objects = {

/* Begin PBXBuildFile section */
		743BAA5A1486AA1A00985B95 /* TwitterAccountsViewController.m in Sources */ = {isa = PBXBuildFile; fileRef = 743BAA591486AA1A00985B95 /* TwitterAccountsViewController.m */; };
		743BAA5D1486AA3600985B95 /* AccountListsViewController.m in Sources */ = {isa = PBXBuildFile; fileRef = 743BAA5C1486AA3600985B95 /* AccountListsViewController.m */; };
		743BAA601486AA6700985B95 /* SingleTweetViewController.m in Sources */ = {isa = PBXBuildFile; fileRef = 743BAA5F1486AA6700985B95 /* SingleTweetViewController.m */; };
		743BAA631486CBEE00985B95 /* Accounts.framework in Frameworks */ = {isa = PBXBuildFile; fileRef = 743BAA611486CBEE00985B95 /* Accounts.framework */; };
		743BAA641486CBEE00985B95 /* Twitter.framework in Frameworks */ = {isa = PBXBuildFile; fileRef = 743BAA621486CBEE00985B95 /* Twitter.framework */; };
		743BAA6F1486E78C00985B95 /* TwitterClient.m in Sources */ = {isa = PBXBuildFile; fileRef = 743BAA6C1486E78C00985B95 /* TwitterClient.m */; };
		743BAA701486E78C00985B95 /* TwitterList.m in Sources */ = {isa = PBXBuildFile; fileRef = 743BAA6E1486E78C00985B95 /* TwitterList.m */; };
		746A0042148E773B00D90B97 /* app.db in Resources */ = {isa = PBXBuildFile; fileRef = 746A0041148E773B00D90B97 /* app.db */; };
		749E49C0148D344D009ADD45 /* FMDatabase.m in Sources */ = {isa = PBXBuildFile; fileRef = 749E49BA148D344D009ADD45 /* FMDatabase.m */; settings = {COMPILER_FLAGS = "-fno-objc-arc"; }; };
		749E49C1148D344D009ADD45 /* FMDatabaseAdditions.m in Sources */ = {isa = PBXBuildFile; fileRef = 749E49BC148D344D009ADD45 /* FMDatabaseAdditions.m */; settings = {COMPILER_FLAGS = "-fno-objc-arc"; }; };
		749E49C3148D344D009ADD45 /* FMResultSet.m in Sources */ = {isa = PBXBuildFile; fileRef = 749E49BF148D344D009ADD45 /* FMResultSet.m */; settings = {COMPILER_FLAGS = "-fno-objc-arc"; }; };
		749E49C6148D3471009ADD45 /* libsqlite3.dylib in Frameworks */ = {isa = PBXBuildFile; fileRef = 749E49C5148D3471009ADD45 /* libsqlite3.dylib */; };
		74EEE3D114857439002667F8 /* UIKit.framework in Frameworks */ = {isa = PBXBuildFile; fileRef = 74EEE3D014857439002667F8 /* UIKit.framework */; };
		74EEE3D314857439002667F8 /* Foundation.framework in Frameworks */ = {isa = PBXBuildFile; fileRef = 74EEE3D214857439002667F8 /* Foundation.framework */; };
		74EEE3D514857439002667F8 /* CoreGraphics.framework in Frameworks */ = {isa = PBXBuildFile; fileRef = 74EEE3D414857439002667F8 /* CoreGraphics.framework */; };
		74EEE3DB14857439002667F8 /* InfoPlist.strings in Resources */ = {isa = PBXBuildFile; fileRef = 74EEE3D914857439002667F8 /* InfoPlist.strings */; };
		74EEE3DD14857439002667F8 /* main.m in Sources */ = {isa = PBXBuildFile; fileRef = 74EEE3DC14857439002667F8 /* main.m */; };
		74EEE3E114857439002667F8 /* AppDelegate.m in Sources */ = {isa = PBXBuildFile; fileRef = 74EEE3E014857439002667F8 /* AppDelegate.m */; };
		74EEE3F01485747E002667F8 /* settings.png in Resources */ = {isa = PBXBuildFile; fileRef = 74EEE3E91485747E002667F8 /* settings.png */; };
		74EEE3F11485747E002667F8 /* settings@2x.png in Resources */ = {isa = PBXBuildFile; fileRef = 74EEE3EA1485747E002667F8 /* settings@2x.png */; };
		74EEE3F21485747E002667F8 /* timeline.png in Resources */ = {isa = PBXBuildFile; fileRef = 74EEE3EB1485747E002667F8 /* timeline.png */; };
		74EEE3F31485747E002667F8 /* timeline@2x.png in Resources */ = {isa = PBXBuildFile; fileRef = 74EEE3EC1485747E002667F8 /* timeline@2x.png */; };
		74EEE3F5148574BB002667F8 /* list-reader.storyboard in Resources */ = {isa = PBXBuildFile; fileRef = 74EEE3F4148574BB002667F8 /* list-reader.storyboard */; };
		74EEE3FE14858DF7002667F8 /* AppTabBarController.m in Sources */ = {isa = PBXBuildFile; fileRef = 74EEE3FD14858DF7002667F8 /* AppTabBarController.m */; };
		74EEE40114858F82002667F8 /* TimelineViewController.m in Sources */ = {isa = PBXBuildFile; fileRef = 74EEE40014858F82002667F8 /* TimelineViewController.m */; };
		74EEE4041485906F002667F8 /* AppNavigationController.m in Sources */ = {isa = PBXBuildFile; fileRef = 74EEE4031485906F002667F8 /* AppNavigationController.m */; };
/* End PBXBuildFile section */

/* Begin PBXFileReference section */
		743BAA581486AA1A00985B95 /* TwitterAccountsViewController.h */ = {isa = PBXFileReference; fileEncoding = 4; lastKnownFileType = sourcecode.c.h; path = TwitterAccountsViewController.h; sourceTree = "<group>"; };
		743BAA591486AA1A00985B95 /* TwitterAccountsViewController.m */ = {isa = PBXFileReference; fileEncoding = 4; lastKnownFileType = sourcecode.c.objc; path = TwitterAccountsViewController.m; sourceTree = "<group>"; };
		743BAA5B1486AA3600985B95 /* AccountListsViewController.h */ = {isa = PBXFileReference; fileEncoding = 4; lastKnownFileType = sourcecode.c.h; path = AccountListsViewController.h; sourceTree = "<group>"; };
		743BAA5C1486AA3600985B95 /* AccountListsViewController.m */ = {isa = PBXFileReference; fileEncoding = 4; lastKnownFileType = sourcecode.c.objc; path = AccountListsViewController.m; sourceTree = "<group>"; };
		743BAA5E1486AA6700985B95 /* SingleTweetViewController.h */ = {isa = PBXFileReference; fileEncoding = 4; lastKnownFileType = sourcecode.c.h; path = SingleTweetViewController.h; sourceTree = "<group>"; };
		743BAA5F1486AA6700985B95 /* SingleTweetViewController.m */ = {isa = PBXFileReference; fileEncoding = 4; lastKnownFileType = sourcecode.c.objc; path = SingleTweetViewController.m; sourceTree = "<group>"; };
		743BAA611486CBEE00985B95 /* Accounts.framework */ = {isa = PBXFileReference; lastKnownFileType = wrapper.framework; name = Accounts.framework; path = System/Library/Frameworks/Accounts.framework; sourceTree = SDKROOT; };
		743BAA621486CBEE00985B95 /* Twitter.framework */ = {isa = PBXFileReference; lastKnownFileType = wrapper.framework; name = Twitter.framework; path = System/Library/Frameworks/Twitter.framework; sourceTree = SDKROOT; };
		743BAA6B1486E78C00985B95 /* TwitterClient.h */ = {isa = PBXFileReference; fileEncoding = 4; lastKnownFileType = sourcecode.c.h; path = TwitterClient.h; sourceTree = "<group>"; };
		743BAA6C1486E78C00985B95 /* TwitterClient.m */ = {isa = PBXFileReference; fileEncoding = 4; lastKnownFileType = sourcecode.c.objc; path = TwitterClient.m; sourceTree = "<group>"; };
		743BAA6D1486E78C00985B95 /* TwitterList.h */ = {isa = PBXFileReference; fileEncoding = 4; lastKnownFileType = sourcecode.c.h; path = TwitterList.h; sourceTree = "<group>"; };
		743BAA6E1486E78C00985B95 /* TwitterList.m */ = {isa = PBXFileReference; fileEncoding = 4; lastKnownFileType = sourcecode.c.objc; path = TwitterList.m; sourceTree = "<group>"; };
		746A0041148E773B00D90B97 /* app.db */ = {isa = PBXFileReference; lastKnownFileType = file; path = app.db; sourceTree = "<group>"; };
		749E49B9148D344D009ADD45 /* FMDatabase.h */ = {isa = PBXFileReference; fileEncoding = 4; lastKnownFileType = sourcecode.c.h; path = FMDatabase.h; sourceTree = "<group>"; };
		749E49BA148D344D009ADD45 /* FMDatabase.m */ = {isa = PBXFileReference; fileEncoding = 4; lastKnownFileType = sourcecode.c.objc; path = FMDatabase.m; sourceTree = "<group>"; };
		749E49BB148D344D009ADD45 /* FMDatabaseAdditions.h */ = {isa = PBXFileReference; fileEncoding = 4; lastKnownFileType = sourcecode.c.h; path = FMDatabaseAdditions.h; sourceTree = "<group>"; };
		749E49BC148D344D009ADD45 /* FMDatabaseAdditions.m */ = {isa = PBXFileReference; fileEncoding = 4; lastKnownFileType = sourcecode.c.objc; path = FMDatabaseAdditions.m; sourceTree = "<group>"; };
		749E49BE148D344D009ADD45 /* FMResultSet.h */ = {isa = PBXFileReference; fileEncoding = 4; lastKnownFileType = sourcecode.c.h; path = FMResultSet.h; sourceTree = "<group>"; };
		749E49BF148D344D009ADD45 /* FMResultSet.m */ = {isa = PBXFileReference; fileEncoding = 4; lastKnownFileType = sourcecode.c.objc; path = FMResultSet.m; sourceTree = "<group>"; };
		749E49C5148D3471009ADD45 /* libsqlite3.dylib */ = {isa = PBXFileReference; lastKnownFileType = "compiled.mach-o.dylib"; name = libsqlite3.dylib; path = usr/lib/libsqlite3.dylib; sourceTree = SDKROOT; };
		74EEE3CC14857439002667F8 /* Twitter List Reader.app */ = {isa = PBXFileReference; explicitFileType = wrapper.application; includeInIndex = 0; path = "Twitter List Reader.app"; sourceTree = BUILT_PRODUCTS_DIR; };
		74EEE3D014857439002667F8 /* UIKit.framework */ = {isa = PBXFileReference; lastKnownFileType = wrapper.framework; name = UIKit.framework; path = System/Library/Frameworks/UIKit.framework; sourceTree = SDKROOT; };
		74EEE3D214857439002667F8 /* Foundation.framework */ = {isa = PBXFileReference; lastKnownFileType = wrapper.framework; name = Foundation.framework; path = System/Library/Frameworks/Foundation.framework; sourceTree = SDKROOT; };
		74EEE3D414857439002667F8 /* CoreGraphics.framework */ = {isa = PBXFileReference; lastKnownFileType = wrapper.framework; name = CoreGraphics.framework; path = System/Library/Frameworks/CoreGraphics.framework; sourceTree = SDKROOT; };
		74EEE3D814857439002667F8 /* Twitter List Reader-Info.plist */ = {isa = PBXFileReference; lastKnownFileType = text.plist.xml; path = "Twitter List Reader-Info.plist"; sourceTree = "<group>"; };
		74EEE3DA14857439002667F8 /* en */ = {isa = PBXFileReference; lastKnownFileType = text.plist.strings; name = en; path = en.lproj/InfoPlist.strings; sourceTree = "<group>"; };
		74EEE3DC14857439002667F8 /* main.m */ = {isa = PBXFileReference; lastKnownFileType = sourcecode.c.objc; path = main.m; sourceTree = "<group>"; };
		74EEE3DE14857439002667F8 /* Twitter List Reader-Prefix.pch */ = {isa = PBXFileReference; lastKnownFileType = sourcecode.c.h; path = "Twitter List Reader-Prefix.pch"; sourceTree = "<group>"; };
		74EEE3DF14857439002667F8 /* AppDelegate.h */ = {isa = PBXFileReference; lastKnownFileType = sourcecode.c.h; path = AppDelegate.h; sourceTree = "<group>"; };
		74EEE3E014857439002667F8 /* AppDelegate.m */ = {isa = PBXFileReference; lastKnownFileType = sourcecode.c.objc; path = AppDelegate.m; sourceTree = "<group>"; };
		74EEE3E91485747E002667F8 /* settings.png */ = {isa = PBXFileReference; lastKnownFileType = image.png; path = settings.png; sourceTree = "<group>"; };
		74EEE3EA1485747E002667F8 /* settings@2x.png */ = {isa = PBXFileReference; lastKnownFileType = image.png; path = "settings@2x.png"; sourceTree = "<group>"; };
		74EEE3EB1485747E002667F8 /* timeline.png */ = {isa = PBXFileReference; lastKnownFileType = image.png; path = timeline.png; sourceTree = "<group>"; };
		74EEE3EC1485747E002667F8 /* timeline@2x.png */ = {isa = PBXFileReference; lastKnownFileType = image.png; path = "timeline@2x.png"; sourceTree = "<group>"; };
		74EEE3F4148574BB002667F8 /* list-reader.storyboard */ = {isa = PBXFileReference; fileEncoding = 4; lastKnownFileType = file.storyboard; path = "list-reader.storyboard"; sourceTree = "<group>"; };
		74EEE3FC14858DF7002667F8 /* AppTabBarController.h */ = {isa = PBXFileReference; fileEncoding = 4; lastKnownFileType = sourcecode.c.h; path = AppTabBarController.h; sourceTree = "<group>"; };
		74EEE3FD14858DF7002667F8 /* AppTabBarController.m */ = {isa = PBXFileReference; fileEncoding = 4; lastKnownFileType = sourcecode.c.objc; path = AppTabBarController.m; sourceTree = "<group>"; };
		74EEE3FF14858F82002667F8 /* TimelineViewController.h */ = {isa = PBXFileReference; fileEncoding = 4; lastKnownFileType = sourcecode.c.h; path = TimelineViewController.h; sourceTree = "<group>"; };
		74EEE40014858F82002667F8 /* TimelineViewController.m */ = {isa = PBXFileReference; fileEncoding = 4; lastKnownFileType = sourcecode.c.objc; path = TimelineViewController.m; sourceTree = "<group>"; };
		74EEE4021485906F002667F8 /* AppNavigationController.h */ = {isa = PBXFileReference; fileEncoding = 4; lastKnownFileType = sourcecode.c.h; path = AppNavigationController.h; sourceTree = "<group>"; };
		74EEE4031485906F002667F8 /* AppNavigationController.m */ = {isa = PBXFileReference; fileEncoding = 4; lastKnownFileType = sourcecode.c.objc; path = AppNavigationController.m; sourceTree = "<group>"; };
/* End PBXFileReference section */

/* Begin PBXFrameworksBuildPhase section */
		74EEE3C914857439002667F8 /* Frameworks */ = {
			isa = PBXFrameworksBuildPhase;
			buildActionMask = 2147483647;
			files = (
				749E49C6148D3471009ADD45 /* libsqlite3.dylib in Frameworks */,
				743BAA631486CBEE00985B95 /* Accounts.framework in Frameworks */,
				743BAA641486CBEE00985B95 /* Twitter.framework in Frameworks */,
				74EEE3D114857439002667F8 /* UIKit.framework in Frameworks */,
				74EEE3D314857439002667F8 /* Foundation.framework in Frameworks */,
				74EEE3D514857439002667F8 /* CoreGraphics.framework in Frameworks */,
			);
			runOnlyForDeploymentPostprocessing = 0;
		};
/* End PBXFrameworksBuildPhase section */

/* Begin PBXGroup section */
		746A0040148E773B00D90B97 /* db */ = {
			isa = PBXGroup;
			children = (
				746A0041148E773B00D90B97 /* app.db */,
			);
			path = db;
			sourceTree = "<group>";
		};
		749E49B7148D344D009ADD45 /* third-party */ = {
			isa = PBXGroup;
			children = (
				749E49B8148D344D009ADD45 /* FMDB */,
			);
			path = "third-party";
			sourceTree = "<group>";
		};
		749E49B8148D344D009ADD45 /* FMDB */ = {
			isa = PBXGroup;
			children = (
				749E49B9148D344D009ADD45 /* FMDatabase.h */,
				749E49BA148D344D009ADD45 /* FMDatabase.m */,
				749E49BB148D344D009ADD45 /* FMDatabaseAdditions.h */,
				749E49BC148D344D009ADD45 /* FMDatabaseAdditions.m */,
				749E49BE148D344D009ADD45 /* FMResultSet.h */,
				749E49BF148D344D009ADD45 /* FMResultSet.m */,
			);
			path = FMDB;
			sourceTree = "<group>";
		};
		74EEE3C114857439002667F8 = {
			isa = PBXGroup;
			children = (
				74EEE3D614857439002667F8 /* Twitter List Reader */,
				74EEE3CF14857439002667F8 /* Frameworks */,
				74EEE3CD14857439002667F8 /* Products */,
			);
			sourceTree = "<group>";
		};
		74EEE3CD14857439002667F8 /* Products */ = {
			isa = PBXGroup;
			children = (
				74EEE3CC14857439002667F8 /* Twitter List Reader.app */,
			);
			name = Products;
			sourceTree = "<group>";
		};
		74EEE3CF14857439002667F8 /* Frameworks */ = {
			isa = PBXGroup;
			children = (
				749E49C5148D3471009ADD45 /* libsqlite3.dylib */,
				743BAA611486CBEE00985B95 /* Accounts.framework */,
				743BAA621486CBEE00985B95 /* Twitter.framework */,
				74EEE3D014857439002667F8 /* UIKit.framework */,
				74EEE3D214857439002667F8 /* Foundation.framework */,
				74EEE3D414857439002667F8 /* CoreGraphics.framework */,
			);
			name = Frameworks;
			sourceTree = "<group>";
		};
		74EEE3D614857439002667F8 /* Twitter List Reader */ = {
			isa = PBXGroup;
			children = (
				746A0040148E773B00D90B97 /* db */,
				749E49B7148D344D009ADD45 /* third-party */,
				74EEE3FB14858DE4002667F8 /* controllers */,
				74EEE3E81485747E002667F8 /* images */,
				74EEE3ED1485747E002667F8 /* models */,
				74EEE3EE1485747E002667F8 /* storyboards */,
				74EEE3EF1485747E002667F8 /* views */,
				74EEE3DF14857439002667F8 /* AppDelegate.h */,
				74EEE3E014857439002667F8 /* AppDelegate.m */,
				74EEE3D714857439002667F8 /* Supporting Files */,
			);
			path = "Twitter List Reader";
			sourceTree = "<group>";
		};
		74EEE3D714857439002667F8 /* Supporting Files */ = {
			isa = PBXGroup;
			children = (
				74EEE3D814857439002667F8 /* Twitter List Reader-Info.plist */,
				74EEE3D914857439002667F8 /* InfoPlist.strings */,
				74EEE3DC14857439002667F8 /* main.m */,
				74EEE3DE14857439002667F8 /* Twitter List Reader-Prefix.pch */,
			);
			name = "Supporting Files";
			sourceTree = "<group>";
		};
		74EEE3E81485747E002667F8 /* images */ = {
			isa = PBXGroup;
			children = (
				74EEE3E91485747E002667F8 /* settings.png */,
				74EEE3EA1485747E002667F8 /* settings@2x.png */,
				74EEE3EB1485747E002667F8 /* timeline.png */,
				74EEE3EC1485747E002667F8 /* timeline@2x.png */,
			);
			path = images;
			sourceTree = "<group>";
		};
		74EEE3ED1485747E002667F8 /* models */ = {
			isa = PBXGroup;
			children = (
				743BAA6B1486E78C00985B95 /* TwitterClient.h */,
				743BAA6C1486E78C00985B95 /* TwitterClient.m */,
				743BAA6D1486E78C00985B95 /* TwitterList.h */,
				743BAA6E1486E78C00985B95 /* TwitterList.m */,
			);
			path = models;
			sourceTree = "<group>";
		};
		74EEE3EE1485747E002667F8 /* storyboards */ = {
			isa = PBXGroup;
			children = (
				74EEE3F4148574BB002667F8 /* list-reader.storyboard */,
			);
			path = storyboards;
			sourceTree = "<group>";
		};
		74EEE3EF1485747E002667F8 /* views */ = {
			isa = PBXGroup;
			children = (
			);
			path = views;
			sourceTree = "<group>";
		};
		74EEE3FB14858DE4002667F8 /* controllers */ = {
			isa = PBXGroup;
			children = (
				743BAA5B1486AA3600985B95 /* AccountListsViewController.h */,
				743BAA5C1486AA3600985B95 /* AccountListsViewController.m */,
				74EEE4021485906F002667F8 /* AppNavigationController.h */,
				74EEE4031485906F002667F8 /* AppNavigationController.m */,
				74EEE3FC14858DF7002667F8 /* AppTabBarController.h */,
				74EEE3FD14858DF7002667F8 /* AppTabBarController.m */,
				743BAA5E1486AA6700985B95 /* SingleTweetViewController.h */,
				743BAA5F1486AA6700985B95 /* SingleTweetViewController.m */,
				74EEE3FF14858F82002667F8 /* TimelineViewController.h */,
				74EEE40014858F82002667F8 /* TimelineViewController.m */,
				743BAA581486AA1A00985B95 /* TwitterAccountsViewController.h */,
				743BAA591486AA1A00985B95 /* TwitterAccountsViewController.m */,
			);
			path = controllers;
			sourceTree = "<group>";
		};
/* End PBXGroup section */

/* Begin PBXNativeTarget section */
		74EEE3CB14857439002667F8 /* Twitter List Reader */ = {
			isa = PBXNativeTarget;
			buildConfigurationList = 74EEE3E414857439002667F8 /* Build configuration list for PBXNativeTarget "Twitter List Reader" */;
			buildPhases = (
				74EEE3C814857439002667F8 /* Sources */,
				74EEE3C914857439002667F8 /* Frameworks */,
				74EEE3CA14857439002667F8 /* Resources */,
			);
			buildRules = (
			);
			dependencies = (
			);
			name = "Twitter List Reader";
			productName = "Twitter List Reader";
			productReference = 74EEE3CC14857439002667F8 /* Twitter List Reader.app */;
			productType = "com.apple.product-type.application";
		};
/* End PBXNativeTarget section */

/* Begin PBXProject section */
		74EEE3C314857439002667F8 /* Project object */ = {
			isa = PBXProject;
			attributes = {
				LastUpgradeCheck = 0420;
				ORGANIZATIONNAME = Teabrick;
			};
			buildConfigurationList = 74EEE3C614857439002667F8 /* Build configuration list for PBXProject "Twitter List Reader" */;
			compatibilityVersion = "Xcode 3.2";
			developmentRegion = English;
			hasScannedForEncodings = 0;
			knownRegions = (
				en,
			);
			mainGroup = 74EEE3C114857439002667F8;
			productRefGroup = 74EEE3CD14857439002667F8 /* Products */;
			projectDirPath = "";
			projectRoot = "";
			targets = (
				74EEE3CB14857439002667F8 /* Twitter List Reader */,
			);
		};
/* End PBXProject section */

/* Begin PBXResourcesBuildPhase section */
		74EEE3CA14857439002667F8 /* Resources */ = {
			isa = PBXResourcesBuildPhase;
			buildActionMask = 2147483647;
			files = (
				74EEE3DB14857439002667F8 /* InfoPlist.strings in Resources */,
				74EEE3F01485747E002667F8 /* settings.png in Resources */,
				74EEE3F11485747E002667F8 /* settings@2x.png in Resources */,
				74EEE3F21485747E002667F8 /* timeline.png in Resources */,
				74EEE3F31485747E002667F8 /* timeline@2x.png in Resources */,
				74EEE3F5148574BB002667F8 /* list-reader.storyboard in Resources */,
				746A0042148E773B00D90B97 /* app.db in Resources */,
			);
			runOnlyForDeploymentPostprocessing = 0;
		};
/* End PBXResourcesBuildPhase section */

/* Begin PBXSourcesBuildPhase section */
		74EEE3C814857439002667F8 /* Sources */ = {
			isa = PBXSourcesBuildPhase;
			buildActionMask = 2147483647;
			files = (
				74EEE3DD14857439002667F8 /* main.m in Sources */,
				74EEE3E114857439002667F8 /* AppDelegate.m in Sources */,
				74EEE3FE14858DF7002667F8 /* AppTabBarController.m in Sources */,
				74EEE40114858F82002667F8 /* TimelineViewController.m in Sources */,
				74EEE4041485906F002667F8 /* AppNavigationController.m in Sources */,
				743BAA5A1486AA1A00985B95 /* TwitterAccountsViewController.m in Sources */,
				743BAA5D1486AA3600985B95 /* AccountListsViewController.m in Sources */,
				743BAA601486AA6700985B95 /* SingleTweetViewController.m in Sources */,
				743BAA6F1486E78C00985B95 /* TwitterClient.m in Sources */,
				743BAA701486E78C00985B95 /* TwitterList.m in Sources */,
				749E49C0148D344D009ADD45 /* FMDatabase.m in Sources */,
				749E49C1148D344D009ADD45 /* FMDatabaseAdditions.m in Sources */,
				749E49C3148D344D009ADD45 /* FMResultSet.m in Sources */,
			);
			runOnlyForDeploymentPostprocessing = 0;
		};
/* End PBXSourcesBuildPhase section */

/* Begin PBXVariantGroup section */
		74EEE3D914857439002667F8 /* InfoPlist.strings */ = {
			isa = PBXVariantGroup;
			children = (
				74EEE3DA14857439002667F8 /* en */,
			);
			name = InfoPlist.strings;
			sourceTree = "<group>";
		};
/* End PBXVariantGroup section */

/* Begin XCBuildConfiguration section */
		74EEE3E214857439002667F8 /* Debug */ = {
			isa = XCBuildConfiguration;
			buildSettings = {
				ALWAYS_SEARCH_USER_PATHS = NO;
				ARCHS = "$(ARCHS_STANDARD_32_BIT)";
				CLANG_ENABLE_OBJC_ARC = YES;
				"CODE_SIGN_IDENTITY[sdk=iphoneos*]" = "iPhone Developer";
				COPY_PHASE_STRIP = NO;
				GCC_C_LANGUAGE_STANDARD = gnu99;
				GCC_DYNAMIC_NO_PIC = NO;
				GCC_OPTIMIZATION_LEVEL = 0;
				GCC_PREPROCESSOR_DEFINITIONS = (
					"DEBUG=1",
					"$(inherited)",
				);
				GCC_SYMBOLS_PRIVATE_EXTERN = NO;
				GCC_VERSION = com.apple.compilers.llvm.clang.1_0;
				GCC_WARN_ABOUT_MISSING_PROTOTYPES = YES;
				GCC_WARN_ABOUT_RETURN_TYPE = YES;
				GCC_WARN_UNUSED_VARIABLE = YES;
				IPHONEOS_DEPLOYMENT_TARGET = 5.0;
				SDKROOT = iphoneos;
			};
			name = Debug;
		};
		74EEE3E314857439002667F8 /* Release */ = {
			isa = XCBuildConfiguration;
			buildSettings = {
				ALWAYS_SEARCH_USER_PATHS = NO;
				ARCHS = "$(ARCHS_STANDARD_32_BIT)";
				CLANG_ENABLE_OBJC_ARC = YES;
				"CODE_SIGN_IDENTITY[sdk=iphoneos*]" = "iPhone Developer";
				COPY_PHASE_STRIP = YES;
				GCC_C_LANGUAGE_STANDARD = gnu99;
				GCC_VERSION = com.apple.compilers.llvm.clang.1_0;
				GCC_WARN_ABOUT_MISSING_PROTOTYPES = YES;
				GCC_WARN_ABOUT_RETURN_TYPE = YES;
				GCC_WARN_UNUSED_VARIABLE = YES;
				IPHONEOS_DEPLOYMENT_TARGET = 5.0;
				OTHER_CFLAGS = "-DNS_BLOCK_ASSERTIONS=1";
				SDKROOT = iphoneos;
				VALIDATE_PRODUCT = YES;
			};
			name = Release;
		};
		74EEE3E514857439002667F8 /* Debug */ = {
			isa = XCBuildConfiguration;
			buildSettings = {
				GCC_PRECOMPILE_PREFIX_HEADER = YES;
				GCC_PREFIX_HEADER = "Twitter List Reader/Twitter List Reader-Prefix.pch";
				INFOPLIST_FILE = "Twitter List Reader/Twitter List Reader-Info.plist";
				PRODUCT_NAME = "$(TARGET_NAME)";
				WRAPPER_EXTENSION = app;
			};
			name = Debug;
		};
		74EEE3E614857439002667F8 /* Release */ = {
			isa = XCBuildConfiguration;
			buildSettings = {
				GCC_PRECOMPILE_PREFIX_HEADER = YES;
				GCC_PREFIX_HEADER = "Twitter List Reader/Twitter List Reader-Prefix.pch";
				INFOPLIST_FILE = "Twitter List Reader/Twitter List Reader-Info.plist";
				PRODUCT_NAME = "$(TARGET_NAME)";
				WRAPPER_EXTENSION = app;
			};
			name = Release;
		};
/* End XCBuildConfiguration section */

/* Begin XCConfigurationList section */
		74EEE3C614857439002667F8 /* Build configuration list for PBXProject "Twitter List Reader" */ = {
			isa = XCConfigurationList;
			buildConfigurations = (
				74EEE3E214857439002667F8 /* Debug */,
				74EEE3E314857439002667F8 /* Release */,
			);
			defaultConfigurationIsVisible = 0;
			defaultConfigurationName = Release;
		};
		74EEE3E414857439002667F8 /* Build configuration list for PBXNativeTarget "Twitter List Reader" */ = {
			isa = XCConfigurationList;
			buildConfigurations = (
				74EEE3E514857439002667F8 /* Debug */,
				74EEE3E614857439002667F8 /* Release */,
			);
			defaultConfigurationIsVisible = 0;
			defaultConfigurationName = Release;
		};
/* End XCConfigurationList section */
	};
	rootObject = 74EEE3C314857439002667F8 /* Project object */;
}
